
Microsoft Visual Studio Solution File, Format Version 12.00
# Visual Studio 2015
Project("{FAE04EC0-301F-11D3-BF4B-00C04F79EFBC}") = "Sera-sAdvent", "Sera-sAdvent.csproj", "{8C208E89-6FB5-E802-8C03-14DD45536596}"
EndProject
Global
	GlobalSection(SolutionConfigurationPlatforms) = preSolution
		Debug|Any CPU = Debug|Any CPU
		Release|Any CPU = Release|Any CPU
	EndGlobalSection
	GlobalSection(ProjectConfigurationPlatforms) = postSolution
		{8C208E89-6FB5-E802-8C03-14DD45536596}.Debug|Any CPU.ActiveCfg = Debug|Any CPU
		{8C208E89-6FB5-E802-8C03-14DD45536596}.Debug|Any CPU.Build.0 = Debug|Any CPU
		{8C208E89-6FB5-E802-8C03-14DD45536596}.Release|Any CPU.ActiveCfg = Release|Any CPU
		{8C208E89-6FB5-E802-8C03-14DD45536596}.Release|Any CPU.Build.0 = Release|Any CPU
	EndGlobalSection
	GlobalSection(SolutionProperties) = preSolution
		HideSolutionNode = FALSE
	EndGlobalSection
EndGlobal
